
Microsoft Visual Studio Solution File, Format Version 12.00
# Visual Studio 14
VisualStudioVersion = 14.0.25420.1
MinimumVisualStudioVersion = 10.0.40219.1
Project("{FAE04EC0-301F-11D3-BF4B-00C04F79EFBC}") = "FirstFormsApp", "FirstFormsApp\FirstFormsApp\FirstFormsApp.csproj", "{6588ACC5-026C-4304-9069-7F2AD30363F9}"
EndProject
Project("{FAE04EC0-301F-11D3-BF4B-00C04F79EFBC}") = "FirstFormsApp.Droid", "FirstFormsApp\FirstFormsApp.Droid\FirstFormsApp.Droid.csproj", "{756AD027-30B8-43F7-9521-1DA1A527E1D3}"
EndProject
Project("{FAE04EC0-301F-11D3-BF4B-00C04F79EFBC}") = "FirstFormsApp.iOS", "FirstFormsApp\FirstFormsApp.iOS\FirstFormsApp.iOS.csproj", "{907D8A43-F3B7-4701-A811-18AC7C719823}"
EndProject
Project("{FAE04EC0-301F-11D3-BF4B-00C04F79EFBC}") = "FirstFormsApp.WinPhone", "FirstFormsApp\FirstFormsApp.WinPhone\FirstFormsApp.WinPhone.csproj", "{33B5B09A-6CB4-4DEC-82AF-2EDF3C85E0E4}"
EndProject
Project("{FAE04EC0-301F-11D3-BF4B-00C04F79EFBC}") = "FirstFormsApp.Windows", "FirstFormsApp\FirstFormsApp.Windows\FirstFormsApp.Windows.csproj", "{979520F3-6434-4722-BEC4-E188E6861300}"
EndProject
Global
	GlobalSection(SolutionConfigurationPlatforms) = preSolution
		Ad-Hoc|Any CPU = Ad-Hoc|Any CPU
		Ad-Hoc|ARM = Ad-Hoc|ARM
		Ad-Hoc|iPhone = Ad-Hoc|iPhone
		Ad-Hoc|iPhoneSimulator = Ad-Hoc|iPhoneSimulator
		Ad-Hoc|x64 = Ad-Hoc|x64
		Ad-Hoc|x86 = Ad-Hoc|x86
		AppStore|Any CPU = AppStore|Any CPU
		AppStore|ARM = AppStore|ARM
		AppStore|iPhone = AppStore|iPhone
		AppStore|iPhoneSimulator = AppStore|iPhoneSimulator
		AppStore|x64 = AppStore|x64
		AppStore|x86 = AppStore|x86
		Debug|Any CPU = Debug|Any CPU
		Debug|ARM = Debug|ARM
		Debug|iPhone = Debug|iPhone
		Debug|iPhoneSimulator = Debug|iPhoneSimulator
		Debug|x64 = Debug|x64
		Debug|x86 = Debug|x86
		Release|Any CPU = Release|Any CPU
		Release|ARM = Release|ARM
		Release|iPhone = Release|iPhone
		Release|iPhoneSimulator = Release|iPhoneSimulator
		Release|x64 = Release|x64
		Release|x86 = Release|x86
	EndGlobalSection
	GlobalSection(ProjectConfigurationPlatforms) = postSolution
		{6588ACC5-026C-4304-9069-7F2AD30363F9}.Ad-Hoc|Any CPU.ActiveCfg = Release|Any CPU
		{6588ACC5-026C-4304-9069-7F2AD30363F9}.Ad-Hoc|Any CPU.Build.0 = Release|Any CPU
		{6588ACC5-026C-4304-9069-7F2AD30363F9}.Ad-Hoc|ARM.ActiveCfg = Release|Any CPU
		{6588ACC5-026C-4304-9069-7F2AD30363F9}.Ad-Hoc|ARM.Build.0 = Release|Any CPU
		{6588ACC5-026C-4304-9069-7F2AD30363F9}.Ad-Hoc|iPhone.ActiveCfg = Release|Any CPU
		{6588ACC5-026C-4304-9069-7F2AD30363F9}.Ad-Hoc|iPhone.Build.0 = Release|Any CPU
		{6588ACC5-026C-4304-9069-7F2AD30363F9}.Ad-Hoc|iPhoneSimulator.ActiveCfg = Release|Any CPU
		{6588ACC5-026C-4304-9069-7F2AD30363F9}.Ad-Hoc|iPhoneSimulator.Build.0 = Release|Any CPU
		{6588ACC5-026C-4304-9069-7F2AD30363F9}.Ad-Hoc|x64.ActiveCfg = Release|Any CPU
		{6588ACC5-026C-4304-9069-7F2AD30363F9}.Ad-Hoc|x64.Build.0 = Release|Any CPU
		{6588ACC5-026C-4304-9069-7F2AD30363F9}.Ad-Hoc|x86.ActiveCfg = Release|Any CPU
		{6588ACC5-026C-4304-9069-7F2AD30363F9}.Ad-Hoc|x86.Build.0 = Release|Any CPU
		{6588ACC5-026C-4304-9069-7F2AD30363F9}.AppStore|Any CPU.ActiveCfg = Release|Any CPU
		{6588ACC5-026C-4304-9069-7F2AD30363F9}.AppStore|Any CPU.Build.0 = Release|Any CPU
		{6588ACC5-026C-4304-9069-7F2AD30363F9}.AppStore|ARM.ActiveCfg = Release|Any CPU
		{6588ACC5-026C-4304-9069-7F2AD30363F9}.AppStore|ARM.Build.0 = Release|Any CPU
		{6588ACC5-026C-4304-9069-7F2AD30363F9}.AppStore|iPhone.ActiveCfg = Release|Any CPU
		{6588ACC5-026C-4304-9069-7F2AD30363F9}.AppStore|iPhone.Build.0 = Release|Any CPU
		{6588ACC5-026C-4304-9069-7F2AD30363F9}.AppStore|iPhoneSimulator.ActiveCfg = Release|Any CPU
		{6588ACC5-026C-4304-9069-7F2AD30363F9}.AppStore|iPhoneSimulator.Build.0 = Release|Any CPU
		{6588ACC5-026C-4304-9069-7F2AD30363F9}.AppStore|x64.ActiveCfg = Release|Any CPU
		{6588ACC5-026C-4304-9069-7F2AD30363F9}.AppStore|x64.Build.0 = Release|Any CPU
		{6588ACC5-026C-4304-9069-7F2AD30363F9}.AppStore|x86.ActiveCfg = Release|Any CPU
		{6588ACC5-026C-4304-9069-7F2AD30363F9}.AppStore|x86.Build.0 = Release|Any CPU
		{6588ACC5-026C-4304-9069-7F2AD30363F9}.Debug|Any CPU.ActiveCfg = Debug|Any CPU
		{6588ACC5-026C-4304-9069-7F2AD30363F9}.Debug|Any CPU.Build.0 = Debug|Any CPU
		{6588ACC5-026C-4304-9069-7F2AD30363F9}.Debug|ARM.ActiveCfg = Debug|Any CPU
		{6588ACC5-026C-4304-9069-7F2AD30363F9}.Debug|ARM.Build.0 = Debug|Any CPU
		{6588ACC5-026C-4304-9069-7F2AD30363F9}.Debug|iPhone.ActiveCfg = Debug|Any CPU
		{6588ACC5-026C-4304-9069-7F2AD30363F9}.Debug|iPhone.Build.0 = Debug|Any CPU
		{6588ACC5-026C-4304-9069-7F2AD30363F9}.Debug|iPhoneSimulator.ActiveCfg = Debug|Any CPU
		{6588ACC5-026C-4304-9069-7F2AD30363F9}.Debug|iPhoneSimulator.Build.0 = Debug|Any CPU
		{6588ACC5-026C-4304-9069-7F2AD30363F9}.Debug|x64.ActiveCfg = Debug|Any CPU
		{6588ACC5-026C-4304-9069-7F2AD30363F9}.Debug|x64.Build.0 = Debug|Any CPU
		{6588ACC5-026C-4304-9069-7F2AD30363F9}.Debug|x86.ActiveCfg = Debug|Any CPU
		{6588ACC5-026C-4304-9069-7F2AD30363F9}.Debug|x86.Build.0 = Debug|Any CPU
		{6588ACC5-026C-4304-9069-7F2AD30363F9}.Release|Any CPU.ActiveCfg = Release|Any CPU
		{6588ACC5-026C-4304-9069-7F2AD30363F9}.Release|Any CPU.Build.0 = Release|Any CPU
		{6588ACC5-026C-4304-9069-7F2AD30363F9}.Release|ARM.ActiveCfg = Release|Any CPU
		{6588ACC5-026C-4304-9069-7F2AD30363F9}.Release|ARM.Build.0 = Release|Any CPU
		{6588ACC5-026C-4304-9069-7F2AD30363F9}.Release|iPhone.ActiveCfg = Release|Any CPU
		{6588ACC5-026C-4304-9069-7F2AD30363F9}.Release|iPhone.Build.0 = Release|Any CPU
		{6588ACC5-026C-4304-9069-7F2AD30363F9}.Release|iPhoneSimulator.ActiveCfg = Release|Any CPU
		{6588ACC5-026C-4304-9069-7F2AD30363F9}.Release|iPhoneSimulator.Build.0 = Release|Any CPU
		{6588ACC5-026C-4304-9069-7F2AD30363F9}.Release|x64.ActiveCfg = Release|Any CPU
		{6588ACC5-026C-4304-9069-7F2AD30363F9}.Release|x64.Build.0 = Release|Any CPU
		{6588ACC5-026C-4304-9069-7F2AD30363F9}.Release|x86.ActiveCfg = Release|Any CPU
		{6588ACC5-026C-4304-9069-7F2AD30363F9}.Release|x86.Build.0 = Release|Any CPU
		{756AD027-30B8-43F7-9521-1DA1A527E1D3}.Ad-Hoc|Any CPU.ActiveCfg = Release|Any CPU
		{756AD027-30B8-43F7-9521-1DA1A527E1D3}.Ad-Hoc|Any CPU.Build.0 = Release|Any CPU
		{756AD027-30B8-43F7-9521-1DA1A527E1D3}.Ad-Hoc|Any CPU.Deploy.0 = Release|Any CPU
		{756AD027-30B8-43F7-9521-1DA1A527E1D3}.Ad-Hoc|ARM.ActiveCfg = Release|Any CPU
		{756AD027-30B8-43F7-9521-1DA1A527E1D3}.Ad-Hoc|ARM.Build.0 = Release|Any CPU
		{756AD027-30B8-43F7-9521-1DA1A527E1D3}.Ad-Hoc|ARM.Deploy.0 = Release|Any CPU
		{756AD027-30B8-43F7-9521-1DA1A527E1D3}.Ad-Hoc|iPhone.ActiveCfg = Release|Any CPU
		{756AD027-30B8-43F7-9521-1DA1A527E1D3}.Ad-Hoc|iPhone.Build.0 = Release|Any CPU
		{756AD027-30B8-43F7-9521-1DA1A527E1D3}.Ad-Hoc|iPhone.Deploy.0 = Release|Any CPU
		{756AD027-30B8-43F7-9521-1DA1A527E1D3}.Ad-Hoc|iPhoneSimulator.ActiveCfg = Release|Any CPU
		{756AD027-30B8-43F7-9521-1DA1A527E1D3}.Ad-Hoc|iPhoneSimulator.Build.0 = Release|Any CPU
		{756AD027-30B8-43F7-9521-1DA1A527E1D3}.Ad-Hoc|iPhoneSimulator.Deploy.0 = Release|Any CPU
		{756AD027-30B8-43F7-9521-1DA1A527E1D3}.Ad-Hoc|x64.ActiveCfg = Release|Any CPU
		{756AD027-30B8-43F7-9521-1DA1A527E1D3}.Ad-Hoc|x64.Build.0 = Release|Any CPU
		{756AD027-30B8-43F7-9521-1DA1A527E1D3}.Ad-Hoc|x64.Deploy.0 = Release|Any CPU
		{756AD027-30B8-43F7-9521-1DA1A527E1D3}.Ad-Hoc|x86.ActiveCfg = Release|Any CPU
		{756AD027-30B8-43F7-9521-1DA1A527E1D3}.Ad-Hoc|x86.Build.0 = Release|Any CPU
		{756AD027-30B8-43F7-9521-1DA1A527E1D3}.Ad-Hoc|x86.Deploy.0 = Release|Any CPU
		{756AD027-30B8-43F7-9521-1DA1A527E1D3}.AppStore|Any CPU.ActiveCfg = Release|Any CPU
		{756AD027-30B8-43F7-9521-1DA1A527E1D3}.AppStore|Any CPU.Build.0 = Release|Any CPU
		{756AD027-30B8-43F7-9521-1DA1A527E1D3}.AppStore|Any CPU.Deploy.0 = Release|Any CPU
		{756AD027-30B8-43F7-9521-1DA1A527E1D3}.AppStore|ARM.ActiveCfg = Release|Any CPU
		{756AD027-30B8-43F7-9521-1DA1A527E1D3}.AppStore|ARM.Build.0 = Release|Any CPU
		{756AD027-30B8-43F7-9521-1DA1A527E1D3}.AppStore|ARM.Deploy.0 = Release|Any CPU
		{756AD027-30B8-43F7-9521-1DA1A527E1D3}.AppStore|iPhone.ActiveCfg = Release|Any CPU
		{756AD027-30B8-43F7-9521-1DA1A527E1D3}.AppStore|iPhone.Build.0 = Release|Any CPU
		{756AD027-30B8-43F7-9521-1DA1A527E1D3}.AppStore|iPhone.Deploy.0 = Release|Any CPU
		{756AD027-30B8-43F7-9521-1DA1A527E1D3}.AppStore|iPhoneSimulator.ActiveCfg = Release|Any CPU
		{756AD027-30B8-43F7-9521-1DA1A527E1D3}.AppStore|iPhoneSimulator.Build.0 = Release|Any CPU
		{756AD027-30B8-43F7-9521-1DA1A527E1D3}.AppStore|iPhoneSimulator.Deploy.0 = Release|Any CPU
		{756AD027-30B8-43F7-9521-1DA1A527E1D3}.AppStore|x64.ActiveCfg = Release|Any CPU
		{756AD027-30B8-43F7-9521-1DA1A527E1D3}.AppStore|x64.Build.0 = Release|Any CPU
		{756AD027-30B8-43F7-9521-1DA1A527E1D3}.AppStore|x64.Deploy.0 = Release|Any CPU
		{756AD027-30B8-43F7-9521-1DA1A527E1D3}.AppStore|x86.ActiveCfg = Release|Any CPU
		{756AD027-30B8-43F7-9521-1DA1A527E1D3}.AppStore|x86.Build.0 = Release|Any CPU
		{756AD027-30B8-43F7-9521-1DA1A527E1D3}.AppStore|x86.Deploy.0 = Release|Any CPU
		{756AD027-30B8-43F7-9521-1DA1A527E1D3}.Debug|Any CPU.ActiveCfg = Debug|Any CPU
		{756AD027-30B8-43F7-9521-1DA1A527E1D3}.Debug|Any CPU.Build.0 = Debug|Any CPU
		{756AD027-30B8-43F7-9521-1DA1A527E1D3}.Debug|Any CPU.Deploy.0 = Debug|Any CPU
		{756AD027-30B8-43F7-9521-1DA1A527E1D3}.Debug|ARM.ActiveCfg = Debug|Any CPU
		{756AD027-30B8-43F7-9521-1DA1A527E1D3}.Debug|ARM.Build.0 = Debug|Any CPU
		{756AD027-30B8-43F7-9521-1DA1A527E1D3}.Debug|ARM.Deploy.0 = Debug|Any CPU
		{756AD027-30B8-43F7-9521-1DA1A527E1D3}.Debug|iPhone.ActiveCfg = Debug|Any CPU
		{756AD027-30B8-43F7-9521-1DA1A527E1D3}.Debug|iPhone.Build.0 = Debug|Any CPU
		{756AD027-30B8-43F7-9521-1DA1A527E1D3}.Debug|iPhone.Deploy.0 = Debug|Any CPU
		{756AD027-30B8-43F7-9521-1DA1A527E1D3}.Debug|iPhoneSimulator.ActiveCfg = Debug|Any CPU
		{756AD027-30B8-43F7-9521-1DA1A527E1D3}.Debug|iPhoneSimulator.Build.0 = Debug|Any CPU
		{756AD027-30B8-43F7-9521-1DA1A527E1D3}.Debug|iPhoneSimulator.Deploy.0 = Debug|Any CPU
		{756AD027-30B8-43F7-9521-1DA1A527E1D3}.Debug|x64.ActiveCfg = Debug|Any CPU
		{756AD027-30B8-43F7-9521-1DA1A527E1D3}.Debug|x64.Build.0 = Debug|Any CPU
		{756AD027-30B8-43F7-9521-1DA1A527E1D3}.Debug|x64.Deploy.0 = Debug|Any CPU
		{756AD027-30B8-43F7-9521-1DA1A527E1D3}.Debug|x86.ActiveCfg = Debug|Any CPU
		{756AD027-30B8-43F7-9521-1DA1A527E1D3}.Debug|x86.Build.0 = Debug|Any CPU
		{756AD027-30B8-43F7-9521-1DA1A527E1D3}.Debug|x86.Deploy.0 = Debug|Any CPU
		{756AD027-30B8-43F7-9521-1DA1A527E1D3}.Release|Any CPU.ActiveCfg = Release|Any CPU
		{756AD027-30B8-43F7-9521-1DA1A527E1D3}.Release|Any CPU.Build.0 = Release|Any CPU
		{756AD027-30B8-43F7-9521-1DA1A527E1D3}.Release|Any CPU.Deploy.0 = Release|Any CPU
		{756AD027-30B8-43F7-9521-1DA1A527E1D3}.Release|ARM.ActiveCfg = Release|Any CPU
		{756AD027-30B8-43F7-9521-1DA1A527E1D3}.Release|ARM.Build.0 = Release|Any CPU
		{756AD027-30B8-43F7-9521-1DA1A527E1D3}.Release|ARM.Deploy.0 = Release|Any CPU
		{756AD027-30B8-43F7-9521-1DA1A527E1D3}.Release|iPhone.ActiveCfg = Release|Any CPU
		{756AD027-30B8-43F7-9521-1DA1A527E1D3}.Release|iPhone.Build.0 = Release|Any CPU
		{756AD027-30B8-43F7-9521-1DA1A527E1D3}.Release|iPhone.Deploy.0 = Release|Any CPU
		{756AD027-30B8-43F7-9521-1DA1A527E1D3}.Release|iPhoneSimulator.ActiveCfg = Release|Any CPU
		{756AD027-30B8-43F7-9521-1DA1A527E1D3}.Release|iPhoneSimulator.Build.0 = Release|Any CPU
		{756AD027-30B8-43F7-9521-1DA1A527E1D3}.Release|iPhoneSimulator.Deploy.0 = Release|Any CPU
		{756AD027-30B8-43F7-9521-1DA1A527E1D3}.Release|x64.ActiveCfg = Release|Any CPU
		{756AD027-30B8-43F7-9521-1DA1A527E1D3}.Release|x64.Build.0 = Release|Any CPU
		{756AD027-30B8-43F7-9521-1DA1A527E1D3}.Release|x64.Deploy.0 = Release|Any CPU
		{756AD027-30B8-43F7-9521-1DA1A527E1D3}.Release|x86.ActiveCfg = Release|Any CPU
		{756AD027-30B8-43F7-9521-1DA1A527E1D3}.Release|x86.Build.0 = Release|Any CPU
		{756AD027-30B8-43F7-9521-1DA1A527E1D3}.Release|x86.Deploy.0 = Release|Any CPU
		{907D8A43-F3B7-4701-A811-18AC7C719823}.Ad-Hoc|Any CPU.ActiveCfg = Ad-Hoc|iPhone
		{907D8A43-F3B7-4701-A811-18AC7C719823}.Ad-Hoc|ARM.ActiveCfg = Ad-Hoc|iPhone
		{907D8A43-F3B7-4701-A811-18AC7C719823}.Ad-Hoc|iPhone.ActiveCfg = Ad-Hoc|iPhone
		{907D8A43-F3B7-4701-A811-18AC7C719823}.Ad-Hoc|iPhone.Build.0 = Ad-Hoc|iPhone
		{907D8A43-F3B7-4701-A811-18AC7C719823}.Ad-Hoc|iPhoneSimulator.ActiveCfg = Ad-Hoc|iPhoneSimulator
		{907D8A43-F3B7-4701-A811-18AC7C719823}.Ad-Hoc|iPhoneSimulator.Build.0 = Ad-Hoc|iPhoneSimulator
		{907D8A43-F3B7-4701-A811-18AC7C719823}.Ad-Hoc|x64.ActiveCfg = Ad-Hoc|iPhone
		{907D8A43-F3B7-4701-A811-18AC7C719823}.Ad-Hoc|x86.ActiveCfg = Ad-Hoc|iPhone
		{907D8A43-F3B7-4701-A811-18AC7C719823}.AppStore|Any CPU.ActiveCfg = AppStore|iPhone
		{907D8A43-F3B7-4701-A811-18AC7C719823}.AppStore|ARM.ActiveCfg = AppStore|iPhone
		{907D8A43-F3B7-4701-A811-18AC7C719823}.AppStore|iPhone.ActiveCfg = AppStore|iPhone
		{907D8A43-F3B7-4701-A811-18AC7C719823}.AppStore|iPhone.Build.0 = AppStore|iPhone
		{907D8A43-F3B7-4701-A811-18AC7C719823}.AppStore|iPhoneSimulator.ActiveCfg = AppStore|iPhoneSimulator
		{907D8A43-F3B7-4701-A811-18AC7C719823}.AppStore|iPhoneSimulator.Build.0 = AppStore|iPhoneSimulator
		{907D8A43-F3B7-4701-A811-18AC7C719823}.AppStore|x64.ActiveCfg = AppStore|iPhone
		{907D8A43-F3B7-4701-A811-18AC7C719823}.AppStore|x86.ActiveCfg = AppStore|iPhone
		{907D8A43-F3B7-4701-A811-18AC7C719823}.Debug|Any CPU.ActiveCfg = Debug|iPhone
		{907D8A43-F3B7-4701-A811-18AC7C719823}.Debug|ARM.ActiveCfg = Debug|iPhone
		{907D8A43-F3B7-4701-A811-18AC7C719823}.Debug|iPhone.ActiveCfg = Debug|iPhone
		{907D8A43-F3B7-4701-A811-18AC7C719823}.Debug|iPhone.Build.0 = Debug|iPhone
		{907D8A43-F3B7-4701-A811-18AC7C719823}.Debug|iPhoneSimulator.ActiveCfg = Debug|iPhoneSimulator
		{907D8A43-F3B7-4701-A811-18AC7C719823}.Debug|iPhoneSimulator.Build.0 = Debug|iPhoneSimulator
		{907D8A43-F3B7-4701-A811-18AC7C719823}.Debug|x64.ActiveCfg = Debug|iPhone
		{907D8A43-F3B7-4701-A811-18AC7C719823}.Debug|x86.ActiveCfg = Debug|iPhone
		{907D8A43-F3B7-4701-A811-18AC7C719823}.Release|Any CPU.ActiveCfg = Release|iPhone
		{907D8A43-F3B7-4701-A811-18AC7C719823}.Release|ARM.ActiveCfg = Release|iPhone
		{907D8A43-F3B7-4701-A811-18AC7C719823}.Release|iPhone.ActiveCfg = Release|iPhone
		{907D8A43-F3B7-4701-A811-18AC7C719823}.Release|iPhone.Build.0 = Release|iPhone
		{907D8A43-F3B7-4701-A811-18AC7C719823}.Release|iPhoneSimulator.ActiveCfg = Release|iPhoneSimulator
		{907D8A43-F3B7-4701-A811-18AC7C719823}.Release|iPhoneSimulator.Build.0 = Release|iPhoneSimulator
		{907D8A43-F3B7-4701-A811-18AC7C719823}.Release|x64.ActiveCfg = Release|iPhone
		{907D8A43-F3B7-4701-A811-18AC7C719823}.Release|x86.ActiveCfg = Release|iPhone
		{33B5B09A-6CB4-4DEC-82AF-2EDF3C85E0E4}.Ad-Hoc|Any CPU.ActiveCfg = Release|Any CPU
		{33B5B09A-6CB4-4DEC-82AF-2EDF3C85E0E4}.Ad-Hoc|Any CPU.Build.0 = Release|Any CPU
		{33B5B09A-6CB4-4DEC-82AF-2EDF3C85E0E4}.Ad-Hoc|Any CPU.Deploy.0 = Release|Any CPU
		{33B5B09A-6CB4-4DEC-82AF-2EDF3C85E0E4}.Ad-Hoc|ARM.ActiveCfg = Release|ARM
		{33B5B09A-6CB4-4DEC-82AF-2EDF3C85E0E4}.Ad-Hoc|ARM.Build.0 = Release|ARM
		{33B5B09A-6CB4-4DEC-82AF-2EDF3C85E0E4}.Ad-Hoc|ARM.Deploy.0 = Release|ARM
		{33B5B09A-6CB4-4DEC-82AF-2EDF3C85E0E4}.Ad-Hoc|iPhone.ActiveCfg = Release|Any CPU
		{33B5B09A-6CB4-4DEC-82AF-2EDF3C85E0E4}.Ad-Hoc|iPhone.Build.0 = Release|Any CPU
		{33B5B09A-6CB4-4DEC-82AF-2EDF3C85E0E4}.Ad-Hoc|iPhone.Deploy.0 = Release|Any CPU
		{33B5B09A-6CB4-4DEC-82AF-2EDF3C85E0E4}.Ad-Hoc|iPhoneSimulator.ActiveCfg = Release|Any CPU
		{33B5B09A-6CB4-4DEC-82AF-2EDF3C85E0E4}.Ad-Hoc|iPhoneSimulator.Build.0 = Release|Any CPU
		{33B5B09A-6CB4-4DEC-82AF-2EDF3C85E0E4}.Ad-Hoc|iPhoneSimulator.Deploy.0 = Release|Any CPU
		{33B5B09A-6CB4-4DEC-82AF-2EDF3C85E0E4}.Ad-Hoc|x64.ActiveCfg = Release|Any CPU
		{33B5B09A-6CB4-4DEC-82AF-2EDF3C85E0E4}.Ad-Hoc|x64.Build.0 = Release|Any CPU
		{33B5B09A-6CB4-4DEC-82AF-2EDF3C85E0E4}.Ad-Hoc|x64.Deploy.0 = Release|Any CPU
		{33B5B09A-6CB4-4DEC-82AF-2EDF3C85E0E4}.Ad-Hoc|x86.ActiveCfg = Release|x86
		{33B5B09A-6CB4-4DEC-82AF-2EDF3C85E0E4}.Ad-Hoc|x86.Build.0 = Release|x86
		{33B5B09A-6CB4-4DEC-82AF-2EDF3C85E0E4}.Ad-Hoc|x86.Deploy.0 = Release|x86
		{33B5B09A-6CB4-4DEC-82AF-2EDF3C85E0E4}.AppStore|Any CPU.ActiveCfg = Release|Any CPU
		{33B5B09A-6CB4-4DEC-82AF-2EDF3C85E0E4}.AppStore|Any CPU.Build.0 = Release|Any CPU
		{33B5B09A-6CB4-4DEC-82AF-2EDF3C85E0E4}.AppStore|Any CPU.Deploy.0 = Release|Any CPU
		{33B5B09A-6CB4-4DEC-82AF-2EDF3C85E0E4}.AppStore|ARM.ActiveCfg = Release|ARM
		{33B5B09A-6CB4-4DEC-82AF-2EDF3C85E0E4}.AppStore|ARM.Build.0 = Release|ARM
		{33B5B09A-6CB4-4DEC-82AF-2EDF3C85E0E4}.AppStore|ARM.Deploy.0 = Release|ARM
		{33B5B09A-6CB4-4DEC-82AF-2EDF3C85E0E4}.AppStore|iPhone.ActiveCfg = Release|Any CPU
		{33B5B09A-6CB4-4DEC-82AF-2EDF3C85E0E4}.AppStore|iPhone.Build.0 = Release|Any CPU
		{33B5B09A-6CB4-4DEC-82AF-2EDF3C85E0E4}.AppStore|iPhone.Deploy.0 = Release|Any CPU
		{33B5B09A-6CB4-4DEC-82AF-2EDF3C85E0E4}.AppStore|iPhoneSimulator.ActiveCfg = Release|Any CPU
		{33B5B09A-6CB4-4DEC-82AF-2EDF3C85E0E4}.AppStore|iPhoneSimulator.Build.0 = Release|Any CPU
		{33B5B09A-6CB4-4DEC-82AF-2EDF3C85E0E4}.AppStore|iPhoneSimulator.Deploy.0 = Release|Any CPU
		{33B5B09A-6CB4-4DEC-82AF-2EDF3C85E0E4}.AppStore|x64.ActiveCfg = Release|Any CPU
		{33B5B09A-6CB4-4DEC-82AF-2EDF3C85E0E4}.AppStore|x64.Build.0 = Release|Any CPU
		{33B5B09A-6CB4-4DEC-82AF-2EDF3C85E0E4}.AppStore|x64.Deploy.0 = Release|Any CPU
		{33B5B09A-6CB4-4DEC-82AF-2EDF3C85E0E4}.AppStore|x86.ActiveCfg = Release|x86
		{33B5B09A-6CB4-4DEC-82AF-2EDF3C85E0E4}.AppStore|x86.Build.0 = Release|x86
		{33B5B09A-6CB4-4DEC-82AF-2EDF3C85E0E4}.AppStore|x86.Deploy.0 = Release|x86
		{33B5B09A-6CB4-4DEC-82AF-2EDF3C85E0E4}.Debug|Any CPU.ActiveCfg = Debug|Any CPU
		{33B5B09A-6CB4-4DEC-82AF-2EDF3C85E0E4}.Debug|Any CPU.Build.0 = Debug|Any CPU
		{33B5B09A-6CB4-4DEC-82AF-2EDF3C85E0E4}.Debug|Any CPU.Deploy.0 = Debug|Any CPU
		{33B5B09A-6CB4-4DEC-82AF-2EDF3C85E0E4}.Debug|ARM.ActiveCfg = Debug|ARM
		{33B5B09A-6CB4-4DEC-82AF-2EDF3C85E0E4}.Debug|ARM.Build.0 = Debug|ARM
		{33B5B09A-6CB4-4DEC-82AF-2EDF3C85E0E4}.Debug|ARM.Deploy.0 = Debug|ARM
		{33B5B09A-6CB4-4DEC-82AF-2EDF3C85E0E4}.Debug|iPhone.ActiveCfg = Debug|Any CPU
		{33B5B09A-6CB4-4DEC-82AF-2EDF3C85E0E4}.Debug|iPhone.Build.0 = Debug|Any CPU
		{33B5B09A-6CB4-4DEC-82AF-2EDF3C85E0E4}.Debug|iPhone.Deploy.0 = Debug|Any CPU
		{33B5B09A-6CB4-4DEC-82AF-2EDF3C85E0E4}.Debug|iPhoneSimulator.ActiveCfg = Debug|Any CPU
		{33B5B09A-6CB4-4DEC-82AF-2EDF3C85E0E4}.Debug|iPhoneSimulator.Build.0 = Debug|Any CPU
		{33B5B09A-6CB4-4DEC-82AF-2EDF3C85E0E4}.Debug|iPhoneSimulator.Deploy.0 = Debug|Any CPU
		{33B5B09A-6CB4-4DEC-82AF-2EDF3C85E0E4}.Debug|x64.ActiveCfg = Debug|Any CPU
		{33B5B09A-6CB4-4DEC-82AF-2EDF3C85E0E4}.Debug|x64.Build.0 = Debug|Any CPU
		{33B5B09A-6CB4-4DEC-82AF-2EDF3C85E0E4}.Debug|x64.Deploy.0 = Debug|Any CPU
		{33B5B09A-6CB4-4DEC-82AF-2EDF3C85E0E4}.Debug|x86.ActiveCfg = Debug|x86
		{33B5B09A-6CB4-4DEC-82AF-2EDF3C85E0E4}.Debug|x86.Build.0 = Debug|x86
		{33B5B09A-6CB4-4DEC-82AF-2EDF3C85E0E4}.Debug|x86.Deploy.0 = Debug|x86
		{33B5B09A-6CB4-4DEC-82AF-2EDF3C85E0E4}.Release|Any CPU.ActiveCfg = Release|Any CPU
		{33B5B09A-6CB4-4DEC-82AF-2EDF3C85E0E4}.Release|Any CPU.Build.0 = Release|Any CPU
		{33B5B09A-6CB4-4DEC-82AF-2EDF3C85E0E4}.Release|Any CPU.Deploy.0 = Release|Any CPU
		{33B5B09A-6CB4-4DEC-82AF-2EDF3C85E0E4}.Release|ARM.ActiveCfg = Release|ARM
		{33B5B09A-6CB4-4DEC-82AF-2EDF3C85E0E4}.Release|ARM.Build.0 = Release|ARM
		{33B5B09A-6CB4-4DEC-82AF-2EDF3C85E0E4}.Release|ARM.Deploy.0 = Release|ARM
		{33B5B09A-6CB4-4DEC-82AF-2EDF3C85E0E4}.Release|iPhone.ActiveCfg = Release|Any CPU
		{33B5B09A-6CB4-4DEC-82AF-2EDF3C85E0E4}.Release|iPhone.Build.0 = Release|Any CPU
		{33B5B09A-6CB4-4DEC-82AF-2EDF3C85E0E4}.Release|iPhone.Deploy.0 = Release|Any CPU
		{33B5B09A-6CB4-4DEC-82AF-2EDF3C85E0E4}.Release|iPhoneSimulator.ActiveCfg = Release|Any CPU
		{33B5B09A-6CB4-4DEC-82AF-2EDF3C85E0E4}.Release|iPhoneSimulator.Build.0 = Release|Any CPU
		{33B5B09A-6CB4-4DEC-82AF-2EDF3C85E0E4}.Release|iPhoneSimulator.Deploy.0 = Release|Any CPU
		{33B5B09A-6CB4-4DEC-82AF-2EDF3C85E0E4}.Release|x64.ActiveCfg = Release|Any CPU
		{33B5B09A-6CB4-4DEC-82AF-2EDF3C85E0E4}.Release|x64.Build.0 = Release|Any CPU
		{33B5B09A-6CB4-4DEC-82AF-2EDF3C85E0E4}.Release|x64.Deploy.0 = Release|Any CPU
		{33B5B09A-6CB4-4DEC-82AF-2EDF3C85E0E4}.Release|x86.ActiveCfg = Release|x86
		{33B5B09A-6CB4-4DEC-82AF-2EDF3C85E0E4}.Release|x86.Build.0 = Release|x86
		{33B5B09A-6CB4-4DEC-82AF-2EDF3C85E0E4}.Release|x86.Deploy.0 = Release|x86
		{979520F3-6434-4722-BEC4-E188E6861300}.Ad-Hoc|Any CPU.ActiveCfg = Release|Any CPU
		{979520F3-6434-4722-BEC4-E188E6861300}.Ad-Hoc|Any CPU.Build.0 = Release|Any CPU
		{979520F3-6434-4722-BEC4-E188E6861300}.Ad-Hoc|Any CPU.Deploy.0 = Release|Any CPU
		{979520F3-6434-4722-BEC4-E188E6861300}.Ad-Hoc|ARM.ActiveCfg = Release|ARM
		{979520F3-6434-4722-BEC4-E188E6861300}.Ad-Hoc|ARM.Build.0 = Release|ARM
		{979520F3-6434-4722-BEC4-E188E6861300}.Ad-Hoc|ARM.Deploy.0 = Release|ARM
		{979520F3-6434-4722-BEC4-E188E6861300}.Ad-Hoc|iPhone.ActiveCfg = Release|Any CPU
		{979520F3-6434-4722-BEC4-E188E6861300}.Ad-Hoc|iPhone.Build.0 = Release|Any CPU
		{979520F3-6434-4722-BEC4-E188E6861300}.Ad-Hoc|iPhone.Deploy.0 = Release|Any CPU
		{979520F3-6434-4722-BEC4-E188E6861300}.Ad-Hoc|iPhoneSimulator.ActiveCfg = Release|Any CPU
		{979520F3-6434-4722-BEC4-E188E6861300}.Ad-Hoc|iPhoneSimulator.Build.0 = Release|Any CPU
		{979520F3-6434-4722-BEC4-E188E6861300}.Ad-Hoc|iPhoneSimulator.Deploy.0 = Release|Any CPU
		{979520F3-6434-4722-BEC4-E188E6861300}.Ad-Hoc|x64.ActiveCfg = Release|x64
		{979520F3-6434-4722-BEC4-E188E6861300}.Ad-Hoc|x64.Build.0 = Release|x64
		{979520F3-6434-4722-BEC4-E188E6861300}.Ad-Hoc|x64.Deploy.0 = Release|x64
		{979520F3-6434-4722-BEC4-E188E6861300}.Ad-Hoc|x86.ActiveCfg = Release|x86
		{979520F3-6434-4722-BEC4-E188E6861300}.Ad-Hoc|x86.Build.0 = Release|x86
		{979520F3-6434-4722-BEC4-E188E6861300}.Ad-Hoc|x86.Deploy.0 = Release|x86
		{979520F3-6434-4722-BEC4-E188E6861300}.AppStore|Any CPU.ActiveCfg = Release|Any CPU
		{979520F3-6434-4722-BEC4-E188E6861300}.AppStore|Any CPU.Build.0 = Release|Any CPU
		{979520F3-6434-4722-BEC4-E188E6861300}.AppStore|Any CPU.Deploy.0 = Release|Any CPU
		{979520F3-6434-4722-BEC4-E188E6861300}.AppStore|ARM.ActiveCfg = Release|ARM
		{979520F3-6434-4722-BEC4-E188E6861300}.AppStore|ARM.Build.0 = Release|ARM
		{979520F3-6434-4722-BEC4-E188E6861300}.AppStore|ARM.Deploy.0 = Release|ARM
		{979520F3-6434-4722-BEC4-E188E6861300}.AppStore|iPhone.ActiveCfg = Release|Any CPU
		{979520F3-6434-4722-BEC4-E188E6861300}.AppStore|iPhone.Build.0 = Release|Any CPU
		{979520F3-6434-4722-BEC4-E188E6861300}.AppStore|iPhone.Deploy.0 = Release|Any CPU
		{979520F3-6434-4722-BEC4-E188E6861300}.AppStore|iPhoneSimulator.ActiveCfg = Release|Any CPU
		{979520F3-6434-4722-BEC4-E188E6861300}.AppStore|iPhoneSimulator.Build.0 = Release|Any CPU
		{979520F3-6434-4722-BEC4-E188E6861300}.AppStore|iPhoneSimulator.Deploy.0 = Release|Any CPU
		{979520F3-6434-4722-BEC4-E188E6861300}.AppStore|x64.ActiveCfg = Release|x64
		{979520F3-6434-4722-BEC4-E188E6861300}.AppStore|x64.Build.0 = Release|x64
		{979520F3-6434-4722-BEC4-E188E6861300}.AppStore|x64.Deploy.0 = Release|x64
		{979520F3-6434-4722-BEC4-E188E6861300}.AppStore|x86.ActiveCfg = Release|x86
		{979520F3-6434-4722-BEC4-E188E6861300}.AppStore|x86.Build.0 = Release|x86
		{979520F3-6434-4722-BEC4-E188E6861300}.AppStore|x86.Deploy.0 = Release|x86
		{979520F3-6434-4722-BEC4-E188E6861300}.Debug|Any CPU.ActiveCfg = Debug|Any CPU
		{979520F3-6434-4722-BEC4-E188E6861300}.Debug|Any CPU.Build.0 = Debug|Any CPU
		{979520F3-6434-4722-BEC4-E188E6861300}.Debug|Any CPU.Deploy.0 = Debug|Any CPU
		{979520F3-6434-4722-BEC4-E188E6861300}.Debug|ARM.ActiveCfg = Debug|ARM
		{979520F3-6434-4722-BEC4-E188E6861300}.Debug|ARM.Build.0 = Debug|ARM
		{979520F3-6434-4722-BEC4-E188E6861300}.Debug|ARM.Deploy.0 = Debug|ARM
		{979520F3-6434-4722-BEC4-E188E6861300}.Debug|iPhone.ActiveCfg = Debug|Any CPU
		{979520F3-6434-4722-BEC4-E188E6861300}.Debug|iPhone.Build.0 = Debug|Any CPU
		{979520F3-6434-4722-BEC4-E188E6861300}.Debug|iPhone.Deploy.0 = Debug|Any CPU
		{979520F3-6434-4722-BEC4-E188E6861300}.Debug|iPhoneSimulator.ActiveCfg = Debug|Any CPU
		{979520F3-6434-4722-BEC4-E188E6861300}.Debug|iPhoneSimulator.Build.0 = Debug|Any CPU
		{979520F3-6434-4722-BEC4-E188E6861300}.Debug|iPhoneSimulator.Deploy.0 = Debug|Any CPU
		{979520F3-6434-4722-BEC4-E188E6861300}.Debug|x64.ActiveCfg = Debug|x64
		{979520F3-6434-4722-BEC4-E188E6861300}.Debug|x64.Build.0 = Debug|x64
		{979520F3-6434-4722-BEC4-E188E6861300}.Debug|x64.Deploy.0 = Debug|x64
		{979520F3-6434-4722-BEC4-E188E6861300}.Debug|x86.ActiveCfg = Debug|x86
		{979520F3-6434-4722-BEC4-E188E6861300}.Debug|x86.Build.0 = Debug|x86
		{979520F3-6434-4722-BEC4-E188E6861300}.Debug|x86.Deploy.0 = Debug|x86
		{979520F3-6434-4722-BEC4-E188E6861300}.Release|Any CPU.ActiveCfg = Release|Any CPU
		{979520F3-6434-4722-BEC4-E188E6861300}.Release|Any CPU.Build.0 = Release|Any CPU
		{979520F3-6434-4722-BEC4-E188E6861300}.Release|Any CPU.Deploy.0 = Release|Any CPU
		{979520F3-6434-4722-BEC4-E188E6861300}.Release|ARM.ActiveCfg = Release|ARM
		{979520F3-6434-4722-BEC4-E188E6861300}.Release|ARM.Build.0 = Release|ARM
		{979520F3-6434-4722-BEC4-E188E6861300}.Release|ARM.Deploy.0 = Release|ARM
		{979520F3-6434-4722-BEC4-E188E6861300}.Release|iPhone.ActiveCfg = Release|Any CPU
		{979520F3-6434-4722-BEC4-E188E6861300}.Release|iPhone.Build.0 = Release|Any CPU
		{979520F3-6434-4722-BEC4-E188E6861300}.Release|iPhone.Deploy.0 = Release|Any CPU
		{979520F3-6434-4722-BEC4-E188E6861300}.Release|iPhoneSimulator.ActiveCfg = Release|Any CPU
		{979520F3-6434-4722-BEC4-E188E6861300}.Release|iPhoneSimulator.Build.0 = Release|Any CPU
		{979520F3-6434-4722-BEC4-E188E6861300}.Release|iPhoneSimulator.Deploy.0 = Release|Any CPU
		{979520F3-6434-4722-BEC4-E188E6861300}.Release|x64.ActiveCfg = Release|x64
		{979520F3-6434-4722-BEC4-E188E6861300}.Release|x64.Build.0 = Release|x64
		{979520F3-6434-4722-BEC4-E188E6861300}.Release|x64.Deploy.0 = Release|x64
		{979520F3-6434-4722-BEC4-E188E6861300}.Release|x86.ActiveCfg = Release|x86
		{979520F3-6434-4722-BEC4-E188E6861300}.Release|x86.Build.0 = Release|x86
		{979520F3-6434-4722-BEC4-E188E6861300}.Release|x86.Deploy.0 = Release|x86
	EndGlobalSection
	GlobalSection(SolutionProperties) = preSolution
		HideSolutionNode = FALSE
	EndGlobalSection
EndGlobal
